
Microsoft Visual Studio Solution File, Format Version 12.00
# Visual Studio 15
Project("{2150E333-8FDC-42A3-9474-1A3956D46DE8}") = "basic", "basic", "{5CA496D6-E554-4658-8505-68BA44F48F18}"
EndProject
Project("{2150E333-8FDC-42A3-9474-1A3956D46DE8}") = "oauth", "oauth", "{A77D34AE-591C-4B93-A76F-7B1890126658}"
EndProject
Project("{FAE04EC0-301F-11D3-BF4B-00C04F79EFBC}") = "Server", "Server\Server.csproj", "{55A68F97-BFB8-4AD9-8E55-F6EE4B622B83}"
EndProject
Project("{FAE04EC0-301F-11D3-BF4B-00C04F79EFBC}") = "Client", "Client\Client.csproj", "{A026B63D-D285-4F91-8477-F3C12DF0D66F}"
EndProject
Project("{FAE04EC0-301F-11D3-BF4B-00C04F79EFBC}") = "Api", "Api\Api.csproj", "{755294D1-6EBD-4482-BBC6-AAD99FA9E87F}"
EndProject
Project("{FAE04EC0-301F-11D3-BF4B-00C04F79EFBC}") = "Basics", "Basics\Basics.csproj", "{B8E937E7-A303-42D8-87D9-149877D9967A}"
EndProject
Project("{FAE04EC0-301F-11D3-BF4B-00C04F79EFBC}") = "IdentityExample", "IdentityExample\IdentityExample.csproj", "{6A339C51-C233-4166-B5BA-F9CBCFBCDACD}"
EndProject
Global
	GlobalSection(SolutionConfigurationPlatforms) = preSolution
		Debug|Any CPU = Debug|Any CPU
		Release|Any CPU = Release|Any CPU
	EndGlobalSection
	GlobalSection(ProjectConfigurationPlatforms) = postSolution
		{55A68F97-BFB8-4AD9-8E55-F6EE4B622B83}.Debug|Any CPU.ActiveCfg = Debug|Any CPU
		{55A68F97-BFB8-4AD9-8E55-F6EE4B622B83}.Debug|Any CPU.Build.0 = Debug|Any CPU
		{55A68F97-BFB8-4AD9-8E55-F6EE4B622B83}.Release|Any CPU.ActiveCfg = Release|Any CPU
		{55A68F97-BFB8-4AD9-8E55-F6EE4B622B83}.Release|Any CPU.Build.0 = Release|Any CPU
		{A026B63D-D285-4F91-8477-F3C12DF0D66F}.Debug|Any CPU.ActiveCfg = Debug|Any CPU
		{A026B63D-D285-4F91-8477-F3C12DF0D66F}.Debug|Any CPU.Build.0 = Debug|Any CPU
		{A026B63D-D285-4F91-8477-F3C12DF0D66F}.Release|Any CPU.ActiveCfg = Release|Any CPU
		{A026B63D-D285-4F91-8477-F3C12DF0D66F}.Release|Any CPU.Build.0 = Release|Any CPU
		{755294D1-6EBD-4482-BBC6-AAD99FA9E87F}.Debug|Any CPU.ActiveCfg = Debug|Any CPU
		{755294D1-6EBD-4482-BBC6-AAD99FA9E87F}.Debug|Any CPU.Build.0 = Debug|Any CPU
		{755294D1-6EBD-4482-BBC6-AAD99FA9E87F}.Release|Any CPU.ActiveCfg = Release|Any CPU
		{755294D1-6EBD-4482-BBC6-AAD99FA9E87F}.Release|Any CPU.Build.0 = Release|Any CPU
		{B8E937E7-A303-42D8-87D9-149877D9967A}.Debug|Any CPU.ActiveCfg = Debug|Any CPU
		{B8E937E7-A303-42D8-87D9-149877D9967A}.Debug|Any CPU.Build.0 = Debug|Any CPU
		{B8E937E7-A303-42D8-87D9-149877D9967A}.Release|Any CPU.ActiveCfg = Release|Any CPU
		{B8E937E7-A303-42D8-87D9-149877D9967A}.Release|Any CPU.Build.0 = Release|Any CPU
		{6A339C51-C233-4166-B5BA-F9CBCFBCDACD}.Debug|Any CPU.ActiveCfg = Debug|Any CPU
		{6A339C51-C233-4166-B5BA-F9CBCFBCDACD}.Debug|Any CPU.Build.0 = Debug|Any CPU
		{6A339C51-C233-4166-B5BA-F9CBCFBCDACD}.Release|Any CPU.ActiveCfg = Release|Any CPU
		{6A339C51-C233-4166-B5BA-F9CBCFBCDACD}.Release|Any CPU.Build.0 = Release|Any CPU
	EndGlobalSection
	GlobalSection(NestedProjects) = preSolution
		{55A68F97-BFB8-4AD9-8E55-F6EE4B622B83} = {A77D34AE-591C-4B93-A76F-7B1890126658}
		{A026B63D-D285-4F91-8477-F3C12DF0D66F} = {A77D34AE-591C-4B93-A76F-7B1890126658}
		{755294D1-6EBD-4482-BBC6-AAD99FA9E87F} = {A77D34AE-591C-4B93-A76F-7B1890126658}
		{B8E937E7-A303-42D8-87D9-149877D9967A} = {5CA496D6-E554-4658-8505-68BA44F48F18}
		{6A339C51-C233-4166-B5BA-F9CBCFBCDACD} = {5CA496D6-E554-4658-8505-68BA44F48F18}
	EndGlobalSection
EndGlobal
